{
  "name": "gettic.js",
  "version": "2.0.0",
  "lockfileVersion": 3,
  "requires": true,
  "packages": {
    "": {
      "name": "gettic.js",
      "version": "2.0.0",
      "license": "MIT",
      "dependencies": {
        "socket.io-client": "^4.7.2",
        "axios": "^1.6.0"
      }
    }
  }
}
